// !$*UTF8*$!
{
	archiveVersion = 1;
	classes = {
	};
	objectVersion = 48;
	objects = {

/* Begin PBXBuildFile section */
		042263A41F4210BB0009D278 /* AppDelegate.swift in Sources */ = {isa = PBXBuildFile; fileRef = 042263A31F4210BB0009D278 /* AppDelegate.swift */; };
		042263A61F4210BB0009D278 /* MainVC.swift in Sources */ = {isa = PBXBuildFile; fileRef = 042263A51F4210BB0009D278 /* MainVC.swift */; };
		042263A91F4210BB0009D278 /* Main.storyboard in Resources */ = {isa = PBXBuildFile; fileRef = 042263A71F4210BB0009D278 /* Main.storyboard */; };
		042263AB1F4210BB0009D278 /* Assets.xcassets in Resources */ = {isa = PBXBuildFile; fileRef = 042263AA1F4210BB0009D278 /* Assets.xcassets */; };
		042263AE1F4210BB0009D278 /* LaunchScreen.storyboard in Resources */ = {isa = PBXBuildFile; fileRef = 042263AC1F4210BB0009D278 /* LaunchScreen.storyboard */; };
		042263B81F4213B00009D278 /* CurrencyTxtField.swift in Sources */ = {isa = PBXBuildFile; fileRef = 042263B71F4213B00009D278 /* CurrencyTxtField.swift */; };
		0432C5C61F42406700FBA402 /* window_shopperTests.swift in Sources */ = {isa = PBXBuildFile; fileRef = 0432C5C51F42406700FBA402 /* window_shopperTests.swift */; };
		0432C5CF1F4240AB00FBA402 /* Wage.swift in Sources */ = {isa = PBXBuildFile; fileRef = 0432C5CE1F4240AB00FBA402 /* Wage.swift */; };
		0432C5D01F42424300FBA402 /* Wage.swift in Sources */ = {isa = PBXBuildFile; fileRef = 0432C5CE1F4240AB00FBA402 /* Wage.swift */; };
/* End PBXBuildFile section */

/* Begin PBXContainerItemProxy section */
		0432C5C81F42406700FBA402 /* PBXContainerItemProxy */ = {
			isa = PBXContainerItemProxy;
			containerPortal = 042263981F4210BA0009D278 /* Project object */;
			proxyType = 1;
			remoteGlobalIDString = 0422639F1F4210BB0009D278;
			remoteInfo = "window-shopper";
		};
/* End PBXContainerItemProxy section */

/* Begin PBXFileReference section */
		042263A01F4210BB0009D278 /* window-shopper.app */ = {isa = PBXFileReference; explicitFileType = wrapper.application; includeInIndex = 0; path = "window-shopper.app"; sourceTree = BUILT_PRODUCTS_DIR; };
		042263A31F4210BB0009D278 /* AppDelegate.swift */ = {isa = PBXFileReference; lastKnownFileType = sourcecode.swift; path = AppDelegate.swift; sourceTree = "<group>"; };
		042263A51F4210BB0009D278 /* MainVC.swift */ = {isa = PBXFileReference; lastKnownFileType = sourcecode.swift; path = MainVC.swift; sourceTree = "<group>"; };
		042263A81F4210BB0009D278 /* Base */ = {isa = PBXFileReference; lastKnownFileType = file.storyboard; name = Base; path = Base.lproj/Main.storyboard; sourceTree = "<group>"; };
		042263AA1F4210BB0009D278 /* Assets.xcassets */ = {isa = PBXFileReference; lastKnownFileType = folder.assetcatalog; path = Assets.xcassets; sourceTree = "<group>"; };
		042263AD1F4210BB0009D278 /* Base */ = {isa = PBXFileReference; lastKnownFileType = file.storyboard; name = Base; path = Base.lproj/LaunchScreen.storyboard; sourceTree = "<group>"; };
		042263AF1F4210BB0009D278 /* Info.plist */ = {isa = PBXFileReference; lastKnownFileType = text.plist.xml; path = Info.plist; sourceTree = "<group>"; };
		042263B71F4213B00009D278 /* CurrencyTxtField.swift */ = {isa = PBXFileReference; lastKnownFileType = sourcecode.swift; path = CurrencyTxtField.swift; sourceTree = "<group>"; };
		0432C5C31F42406700FBA402 /* window-shopperTests.xctest */ = {isa = PBXFileReference; explicitFileType = wrapper.cfbundle; includeInIndex = 0; path = "window-shopperTests.xctest"; sourceTree = BUILT_PRODUCTS_DIR; };
		0432C5C51F42406700FBA402 /* window_shopperTests.swift */ = {isa = PBXFileReference; lastKnownFileType = sourcecode.swift; path = window_shopperTests.swift; sourceTree = "<group>"; };
		0432C5C71F42406700FBA402 /* Info.plist */ = {isa = PBXFileReference; lastKnownFileType = text.plist.xml; path = Info.plist; sourceTree = "<group>"; };
		0432C5CE1F4240AB00FBA402 /* Wage.swift */ = {isa = PBXFileReference; lastKnownFileType = sourcecode.swift; path = Wage.swift; sourceTree = "<group>"; };
/* End PBXFileReference section */

/* Begin PBXFrameworksBuildPhase section */
		0422639D1F4210BB0009D278 /* Frameworks */ = {
			isa = PBXFrameworksBuildPhase;
			buildActionMask = 2147483647;
			files = (
			);
			runOnlyForDeploymentPostprocessing = 0;
		};
		0432C5C01F42406700FBA402 /* Frameworks */ = {
			isa = PBXFrameworksBuildPhase;
			buildActionMask = 2147483647;
			files = (
			);
			runOnlyForDeploymentPostprocessing = 0;
		};
/* End PBXFrameworksBuildPhase section */

/* Begin PBXGroup section */
		042263971F4210BA0009D278 = {
			isa = PBXGroup;
			children = (
				042263A21F4210BB0009D278 /* window-shopper */,
				0432C5C41F42406700FBA402 /* window-shopperTests */,
				042263A11F4210BB0009D278 /* Products */,
			);
			sourceTree = "<group>";
		};
		042263A11F4210BB0009D278 /* Products */ = {
			isa = PBXGroup;
			children = (
				042263A01F4210BB0009D278 /* window-shopper.app */,
				0432C5C31F42406700FBA402 /* window-shopperTests.xctest */,
			);
			name = Products;
			sourceTree = "<group>";
		};
		042263A21F4210BB0009D278 /* window-shopper */ = {
			isa = PBXGroup;
			children = (
				0432C5CD1F42408C00FBA402 /* Model */,
				042263B61F42134C0009D278 /* Views */,
				042263B51F4211F70009D278 /* Controller */,
				042263A31F4210BB0009D278 /* AppDelegate.swift */,
				042263A71F4210BB0009D278 /* Main.storyboard */,
				042263AA1F4210BB0009D278 /* Assets.xcassets */,
				042263AC1F4210BB0009D278 /* LaunchScreen.storyboard */,
				042263AF1F4210BB0009D278 /* Info.plist */,
			);
			path = "window-shopper";
			sourceTree = "<group>";
		};
		042263B51F4211F70009D278 /* Controller */ = {
			isa = PBXGroup;
			children = (
				042263A51F4210BB0009D278 /* MainVC.swift */,
			);
			path = Controller;
			sourceTree = "<group>";
		};
		042263B61F42134C0009D278 /* Views */ = {
			isa = PBXGroup;
			children = (
				042263B71F4213B00009D278 /* CurrencyTxtField.swift */,
			);
			path = Views;
			sourceTree = "<group>";
		};
		0432C5C41F42406700FBA402 /* window-shopperTests */ = {
			isa = PBXGroup;
			children = (
				0432C5C51F42406700FBA402 /* window_shopperTests.swift */,
				0432C5C71F42406700FBA402 /* Info.plist */,
			);
			path = "window-shopperTests";
			sourceTree = "<group>";
		};
		0432C5CD1F42408C00FBA402 /* Model */ = {
			isa = PBXGroup;
			children = (
				0432C5CE1F4240AB00FBA402 /* Wage.swift */,
			);
			path = Model;
			sourceTree = "<group>";
		};
/* End PBXGroup section */

/* Begin PBXNativeTarget section */
		0422639F1F4210BB0009D278 /* window-shopper */ = {
			isa = PBXNativeTarget;
			buildConfigurationList = 042263B21F4210BB0009D278 /* Build configuration list for PBXNativeTarget "window-shopper" */;
			buildPhases = (
				0422639C1F4210BB0009D278 /* Sources */,
				0422639D1F4210BB0009D278 /* Frameworks */,
				0422639E1F4210BB0009D278 /* Resources */,
			);
			buildRules = (
			);
			dependencies = (
			);
			name = "window-shopper";
			productName = "window-shopper";
			productReference = 042263A01F4210BB0009D278 /* window-shopper.app */;
			productType = "com.apple.product-type.application";
		};
		0432C5C21F42406700FBA402 /* window-shopperTests */ = {
			isa = PBXNativeTarget;
			buildConfigurationList = 0432C5CC1F42406700FBA402 /* Build configuration list for PBXNativeTarget "window-shopperTests" */;
			buildPhases = (
				0432C5BF1F42406700FBA402 /* Sources */,
				0432C5C01F42406700FBA402 /* Frameworks */,
				0432C5C11F42406700FBA402 /* Resources */,
			);
			buildRules = (
			);
			dependencies = (
				0432C5C91F42406700FBA402 /* PBXTargetDependency */,
			);
			name = "window-shopperTests";
			productName = "window-shopperTests";
			productReference = 0432C5C31F42406700FBA402 /* window-shopperTests.xctest */;
			productType = "com.apple.product-type.bundle.unit-test";
		};
/* End PBXNativeTarget section */

/* Begin PBXProject section */
		042263981F4210BA0009D278 /* Project object */ = {
			isa = PBXProject;
			attributes = {
				LastSwiftUpdateCheck = 0900;
				LastUpgradeCheck = 0900;
				ORGANIZATIONNAME = davidthorp;
				TargetAttributes = {
					0422639F1F4210BB0009D278 = {
						CreatedOnToolsVersion = 9.0;
					};
					0432C5C21F42406700FBA402 = {
						CreatedOnToolsVersion = 9.0;
						TestTargetID = 0422639F1F4210BB0009D278;
					};
				};
			};
			buildConfigurationList = 0422639B1F4210BA0009D278 /* Build configuration list for PBXProject "window-shopper" */;
			compatibilityVersion = "Xcode 8.0";
			developmentRegion = en;
			hasScannedForEncodings = 0;
			knownRegions = (
				en,
				Base,
			);
			mainGroup = 042263971F4210BA0009D278;
			productRefGroup = 042263A11F4210BB0009D278 /* Products */;
			projectDirPath = "";
			projectRoot = "";
			targets = (
				0422639F1F4210BB0009D278 /* window-shopper */,
				0432C5C21F42406700FBA402 /* window-shopperTests */,
			);
		};
/* End PBXProject section */

/* Begin PBXResourcesBuildPhase section */
		0422639E1F4210BB0009D278 /* Resources */ = {
			isa = PBXResourcesBuildPhase;
			buildActionMask = 2147483647;
			files = (
				042263AE1F4210BB0009D278 /* LaunchScreen.storyboard in Resources */,
				042263AB1F4210BB0009D278 /* Assets.xcassets in Resources */,
				042263A91F4210BB0009D278 /* Main.storyboard in Resources */,
			);
			runOnlyForDeploymentPostprocessing = 0;
		};
		0432C5C11F42406700FBA402 /* Resources */ = {
			isa = PBXResourcesBuildPhase;
			buildActionMask = 2147483647;
			files = (
			);
			runOnlyForDeploymentPostprocessing = 0;
		};
/* End PBXResourcesBuildPhase section */

/* Begin PBXSourcesBuildPhase section */
		0422639C1F4210BB0009D278 /* Sources */ = {
			isa = PBXSourcesBuildPhase;
			buildActionMask = 2147483647;
			files = (
				042263B81F4213B00009D278 /* CurrencyTxtField.swift in Sources */,
				0432C5CF1F4240AB00FBA402 /* Wage.swift in Sources */,
				042263A61F4210BB0009D278 /* MainVC.swift in Sources */,
				042263A41F4210BB0009D278 /* AppDelegate.swift in Sources */,
			);
			runOnlyForDeploymentPostprocessing = 0;
		};
		0432C5BF1F42406700FBA402 /* Sources */ = {
			isa = PBXSourcesBuildPhase;
			buildActionMask = 2147483647;
			files = (
				0432C5C61F42406700FBA402 /* window_shopperTests.swift in Sources */,
				0432C5D01F42424300FBA402 /* Wage.swift in Sources */,
			);
			runOnlyForDeploymentPostprocessing = 0;
		};
/* End PBXSourcesBuildPhase section */

/* Begin PBXTargetDependency section */
		0432C5C91F42406700FBA402 /* PBXTargetDependency */ = {
			isa = PBXTargetDependency;
			target = 0422639F1F4210BB0009D278 /* window-shopper */;
			targetProxy = 0432C5C81F42406700FBA402 /* PBXContainerItemProxy */;
		};
/* End PBXTargetDependency section */

/* Begin PBXVariantGroup section */
		042263A71F4210BB0009D278 /* Main.storyboard */ = {
			isa = PBXVariantGroup;
			children = (
				042263A81F4210BB0009D278 /* Base */,
			);
			name = Main.storyboard;
			sourceTree = "<group>";
		};
		042263AC1F4210BB0009D278 /* LaunchScreen.storyboard */ = {
			isa = PBXVariantGroup;
			children = (
				042263AD1F4210BB0009D278 /* Base */,
			);
			name = LaunchScreen.storyboard;
			sourceTree = "<group>";
		};
/* End PBXVariantGroup section */

/* Begin XCBuildConfiguration section */
		042263B01F4210BB0009D278 /* Debug */ = {
			isa = XCBuildConfiguration;
			buildSettings = {
				ALWAYS_SEARCH_USER_PATHS = NO;
				CLANG_ANALYZER_NONNULL = YES;
				CLANG_ANALYZER_NUMBER_OBJECT_CONVERSION = YES_AGGRESSIVE;
				CLANG_CXX_LANGUAGE_STANDARD = "gnu++14";
				CLANG_CXX_LIBRARY = "libc++";
				CLANG_ENABLE_MODULES = YES;
				CLANG_ENABLE_OBJC_ARC = YES;
				CLANG_WARN_BLOCK_CAPTURE_AUTORELEASING = YES;
				CLANG_WARN_BOOL_CONVERSION = YES;
				CLANG_WARN_COMMA = YES;
				CLANG_WARN_CONSTANT_CONVERSION = YES;
				CLANG_WARN_DIRECT_OBJC_ISA_USAGE = YES_ERROR;
				CLANG_WARN_DOCUMENTATION_COMMENTS = YES;
				CLANG_WARN_EMPTY_BODY = YES;
				CLANG_WARN_ENUM_CONVERSION = YES;
				CLANG_WARN_INFINITE_RECURSION = YES;
				CLANG_WARN_INT_CONVERSION = YES;
				CLANG_WARN_NON_LITERAL_NULL_CONVERSION = YES;
				CLANG_WARN_OBJC_LITERAL_CONVERSION = YES;
				CLANG_WARN_OBJC_ROOT_CLASS = YES_ERROR;
				CLANG_WARN_RANGE_LOOP_ANALYSIS = YES;
				CLANG_WARN_STRICT_PROTOTYPES = YES;
				CLANG_WARN_SUSPICIOUS_MOVE = YES;
				CLANG_WARN_UNGUARDED_AVAILABILITY = YES_AGGRESSIVE;
				CLANG_WARN_UNREACHABLE_CODE = YES;
				CLANG_WARN__DUPLICATE_METHOD_MATCH = YES;
				CODE_SIGN_IDENTITY = "iPhone Developer";
				COPY_PHASE_STRIP = NO;
				DEBUG_INFORMATION_FORMAT = dwarf;
				ENABLE_STRICT_OBJC_MSGSEND = YES;
				ENABLE_TESTABILITY = YES;
				GCC_C_LANGUAGE_STANDARD = gnu11;
				GCC_DYNAMIC_NO_PIC = NO;
				GCC_NO_COMMON_BLOCKS = YES;
				GCC_OPTIMIZATION_LEVEL = 0;
				GCC_PREPROCESSOR_DEFINITIONS = (
					"DEBUG=1",
					"$(inherited)",
				);
				GCC_WARN_64_TO_32_BIT_CONVERSION = YES;
				GCC_WARN_ABOUT_RETURN_TYPE = YES_ERROR;
				GCC_WARN_UNDECLARED_SELECTOR = YES;
				GCC_WARN_UNINITIALIZED_AUTOS = YES_AGGRESSIVE;
				GCC_WARN_UNUSED_FUNCTION = YES;
				GCC_WARN_UNUSED_VARIABLE = YES;
				IPHONEOS_DEPLOYMENT_TARGET = 11.0;
				MTL_ENABLE_DEBUG_INFO = YES;
				ONLY_ACTIVE_ARCH = YES;
				SDKROOT = iphoneos;
				SWIFT_ACTIVE_COMPILATION_CONDITIONS = DEBUG;
				SWIFT_OPTIMIZATION_LEVEL = "-Onone";
			};
			name = Debug;
		};
		042263B11F4210BB0009D278 /* Release */ = {
			isa = XCBuildConfiguration;
			buildSettings = {
				ALWAYS_SEARCH_USER_PATHS = NO;
				CLANG_ANALYZER_NONNULL = YES;
				CLANG_ANALYZER_NUMBER_OBJECT_CONVERSION = YES_AGGRESSIVE;
				CLANG_CXX_LANGUAGE_STANDARD = "gnu++14";
				CLANG_CXX_LIBRARY = "libc++";
				CLANG_ENABLE_MODULES = YES;
				CLANG_ENABLE_OBJC_ARC = YES;
				CLANG_WARN_BLOCK_CAPTURE_AUTORELEASING = YES;
				CLANG_WARN_BOOL_CONVERSION = YES;
				CLANG_WARN_COMMA = YES;
				CLANG_WARN_CONSTANT_CONVERSION = YES;
				CLANG_WARN_DIRECT_OBJC_ISA_USAGE = YES_ERROR;
				CLANG_WARN_DOCUMENTATION_COMMENTS = YES;
				CLANG_WARN_EMPTY_BODY = YES;
				CLANG_WARN_ENUM_CONVERSION = YES;
				CLANG_WARN_INFINITE_RECURSION = YES;
				CLANG_WARN_INT_CONVERSION = YES;
				CLANG_WARN_NON_LITERAL_NULL_CONVERSION = YES;
				CLANG_WARN_OBJC_LITERAL_CONVERSION = YES;
				CLANG_WARN_OBJC_ROOT_CLASS = YES_ERROR;
				CLANG_WARN_RANGE_LOOP_ANALYSIS = YES;
				CLANG_WARN_STRICT_PROTOTYPES = YES;
				CLANG_WARN_SUSPICIOUS_MOVE = YES;
				CLANG_WARN_UNGUARDED_AVAILABILITY = YES_AGGRESSIVE;
				CLANG_WARN_UNREACHABLE_CODE = YES;
				CLANG_WARN__DUPLICATE_METHOD_MATCH = YES;
				CODE_SIGN_IDENTITY = "iPhone Developer";
				COPY_PHASE_STRIP = NO;
				DEBUG_INFORMATION_FORMAT = "dwarf-with-dsym";
				ENABLE_NS_ASSERTIONS = NO;
				ENABLE_STRICT_OBJC_MSGSEND = YES;
				GCC_C_LANGUAGE_STANDARD = gnu11;
				GCC_NO_COMMON_BLOCKS = YES;
				GCC_WARN_64_TO_32_BIT_CONVERSION = YES;
				GCC_WARN_ABOUT_RETURN_TYPE = YES_ERROR;
				GCC_WARN_UNDECLARED_SELECTOR = YES;
				GCC_WARN_UNINITIALIZED_AUTOS = YES_AGGRESSIVE;
				GCC_WARN_UNUSED_FUNCTION = YES;
				GCC_WARN_UNUSED_VARIABLE = YES;
				IPHONEOS_DEPLOYMENT_TARGET = 11.0;
				MTL_ENABLE_DEBUG_INFO = NO;
				SDKROOT = iphoneos;
				SWIFT_OPTIMIZATION_LEVEL = "-Owholemodule";
				VALIDATE_PRODUCT = YES;
			};
			name = Release;
		};
		042263B31F4210BB0009D278 /* Debug */ = {
			isa = XCBuildConfiguration;
			buildSettings = {
				ASSETCATALOG_COMPILER_APPICON_NAME = AppIcon;
				DEVELOPMENT_TEAM = 2UR7AR2Z4Z;
				INFOPLIST_FILE = "window-shopper/Info.plist";
				LD_RUNPATH_SEARCH_PATHS = "$(inherited) @executable_path/Frameworks";
				PRODUCT_BUNDLE_IDENTIFIER = "davidthorp.window-shopper";
				PRODUCT_NAME = "$(TARGET_NAME)";
				SWIFT_VERSION = 4.0;
				TARGETED_DEVICE_FAMILY = "1,2";
			};
			name = Debug;
		};
		042263B41F4210BB0009D278 /* Release */ = {
			isa = XCBuildConfiguration;
			buildSettings = {
				ASSETCATALOG_COMPILER_APPICON_NAME = AppIcon;
				DEVELOPMENT_TEAM = 2UR7AR2Z4Z;
				INFOPLIST_FILE = "window-shopper/Info.plist";
				LD_RUNPATH_SEARCH_PATHS = "$(inherited) @executable_path/Frameworks";
				PRODUCT_BUNDLE_IDENTIFIER = "davidthorp.window-shopper";
				PRODUCT_NAME = "$(TARGET_NAME)";
				SWIFT_VERSION = 4.0;
				TARGETED_DEVICE_FAMILY = "1,2";
			};
			name = Release;
		};
		0432C5CA1F42406700FBA402 /* Debug */ = {
			isa = XCBuildConfiguration;
			buildSettings = {
				BUNDLE_LOADER = "$(TEST_HOST)";
				DEVELOPMENT_TEAM = 2UR7AR2Z4Z;
				INFOPLIST_FILE = "window-shopperTests/Info.plist";
				LD_RUNPATH_SEARCH_PATHS = "$(inherited) @executable_path/Frameworks @loader_path/Frameworks";
				PRODUCT_BUNDLE_IDENTIFIER = "davidthorp.window-shopperTests";
				PRODUCT_NAME = "$(TARGET_NAME)";
				SWIFT_VERSION = 4.0;
				TARGETED_DEVICE_FAMILY = "1,2";
				TEST_HOST = "$(BUILT_PRODUCTS_DIR)/window-shopper.app/window-shopper";
			};
			name = Debug;
		};
		0432C5CB1F42406700FBA402 /* Release */ = {
			isa = XCBuildConfiguration;
			buildSettings = {
				BUNDLE_LOADER = "$(TEST_HOST)";
				DEVELOPMENT_TEAM = 2UR7AR2Z4Z;
				INFOPLIST_FILE = "window-shopperTests/Info.plist";
				LD_RUNPATH_SEARCH_PATHS = "$(inherited) @executable_path/Frameworks @loader_path/Frameworks";
				PRODUCT_BUNDLE_IDENTIFIER = "davidthorp.window-shopperTests";
				PRODUCT_NAME = "$(TARGET_NAME)";
				SWIFT_VERSION = 4.0;
				TARGETED_DEVICE_FAMILY = "1,2";
				TEST_HOST = "$(BUILT_PRODUCTS_DIR)/window-shopper.app/window-shopper";
			};
			name = Release;
		};
/* End XCBuildConfiguration section */

/* Begin XCConfigurationList section */
		0422639B1F4210BA0009D278 /* Build configuration list for PBXProject "window-shopper" */ = {
			isa = XCConfigurationList;
			buildConfigurations = (
				042263B01F4210BB0009D278 /* Debug */,
				042263B11F4210BB0009D278 /* Release */,
			);
			defaultConfigurationIsVisible = 0;
			defaultConfigurationName = Release;
		};
		042263B21F4210BB0009D278 /* Build configuration list for PBXNativeTarget "window-shopper" */ = {
			isa = XCConfigurationList;
			buildConfigurations = (
				042263B31F4210BB0009D278 /* Debug */,
				042263B41F4210BB0009D278 /* Release */,
			);
			defaultConfigurationIsVisible = 0;
			defaultConfigurationName = Release;
		};
		0432C5CC1F42406700FBA402 /* Build configuration list for PBXNativeTarget "window-shopperTests" */ = {
			isa = XCConfigurationList;
			buildConfigurations = (
				0432C5CA1F42406700FBA402 /* Debug */,
				0432C5CB1F42406700FBA402 /* Release */,
			);
			defaultConfigurationIsVisible = 0;
			defaultConfigurationName = Release;
		};
/* End XCConfigurationList section */
	};
	rootObject = 042263981F4210BA0009D278 /* Project object */;
}
